// !$*UTF8*$!
{
	archiveVersion = 1;
	classes = {
	};
	objectVersion = 50;
	objects = {

/* Begin PBXBuildFile section */
		969BB8DF244F71ED00571472 /* AppDelegate.swift in Sources */ = {isa = PBXBuildFile; fileRef = 969BB8DE244F71ED00571472 /* AppDelegate.swift */; };
		969BB8E1244F71ED00571472 /* SceneDelegate.swift in Sources */ = {isa = PBXBuildFile; fileRef = 969BB8E0244F71ED00571472 /* SceneDelegate.swift */; };
		969BB8E3244F71ED00571472 /* ViewController.swift in Sources */ = {isa = PBXBuildFile; fileRef = 969BB8E2244F71ED00571472 /* ViewController.swift */; };
		969BB8E6244F71ED00571472 /* Main.storyboard in Resources */ = {isa = PBXBuildFile; fileRef = 969BB8E4244F71ED00571472 /* Main.storyboard */; };
		969BB8E8244F71F200571472 /* Assets.xcassets in Resources */ = {isa = PBXBuildFile; fileRef = 969BB8E7244F71F200571472 /* Assets.xcassets */; };
		969BB8EB244F71F200571472 /* LaunchScreen.storyboard in Resources */ = {isa = PBXBuildFile; fileRef = 969BB8E9244F71F200571472 /* LaunchScreen.storyboard */; };
		969BB8F6244F71F300571472 /* ApplePayTests.swift in Sources */ = {isa = PBXBuildFile; fileRef = 969BB8F5244F71F300571472 /* ApplePayTests.swift */; };
		969BB901244F71F300571472 /* ApplePayUITests.swift in Sources */ = {isa = PBXBuildFile; fileRef = 969BB900244F71F300571472 /* ApplePayUITests.swift */; };
		969BB911244F725000571472 /* ApplePayment.swift in Sources */ = {isa = PBXBuildFile; fileRef = 969BB90E244F725000571472 /* ApplePayment.swift */; };
		969BB912244F725000571472 /* ApplePaymentError.swift in Sources */ = {isa = PBXBuildFile; fileRef = 969BB90F244F725000571472 /* ApplePaymentError.swift */; };
		969BB913244F725000571472 /* ApplePaymentToken.swift in Sources */ = {isa = PBXBuildFile; fileRef = 969BB910244F725000571472 /* ApplePaymentToken.swift */; };
/* End PBXBuildFile section */

/* Begin PBXContainerItemProxy section */
		969BB8F2244F71F300571472 /* PBXContainerItemProxy */ = {
			isa = PBXContainerItemProxy;
			containerPortal = 969BB8D3244F71ED00571472 /* Project object */;
			proxyType = 1;
			remoteGlobalIDString = 969BB8DA244F71ED00571472;
			remoteInfo = ApplePay;
		};
		969BB8FD244F71F300571472 /* PBXContainerItemProxy */ = {
			isa = PBXContainerItemProxy;
			containerPortal = 969BB8D3244F71ED00571472 /* Project object */;
			proxyType = 1;
			remoteGlobalIDString = 969BB8DA244F71ED00571472;
			remoteInfo = ApplePay;
		};
/* End PBXContainerItemProxy section */

/* Begin PBXFileReference section */
		969BB8DB244F71ED00571472 /* ApplePay.app */ = {isa = PBXFileReference; explicitFileType = wrapper.application; includeInIndex = 0; path = ApplePay.app; sourceTree = BUILT_PRODUCTS_DIR; };
		969BB8DE244F71ED00571472 /* AppDelegate.swift */ = {isa = PBXFileReference; lastKnownFileType = sourcecode.swift; path = AppDelegate.swift; sourceTree = "<group>"; };
		969BB8E0244F71ED00571472 /* SceneDelegate.swift */ = {isa = PBXFileReference; lastKnownFileType = sourcecode.swift; path = SceneDelegate.swift; sourceTree = "<group>"; };
		969BB8E2244F71ED00571472 /* ViewController.swift */ = {isa = PBXFileReference; lastKnownFileType = sourcecode.swift; path = ViewController.swift; sourceTree = "<group>"; };
		969BB8E5244F71ED00571472 /* Base */ = {isa = PBXFileReference; lastKnownFileType = file.storyboard; name = Base; path = Base.lproj/Main.storyboard; sourceTree = "<group>"; };
		969BB8E7244F71F200571472 /* Assets.xcassets */ = {isa = PBXFileReference; lastKnownFileType = folder.assetcatalog; path = Assets.xcassets; sourceTree = "<group>"; };
		969BB8EA244F71F200571472 /* Base */ = {isa = PBXFileReference; lastKnownFileType = file.storyboard; name = Base; path = Base.lproj/LaunchScreen.storyboard; sourceTree = "<group>"; };
		969BB8EC244F71F200571472 /* Info.plist */ = {isa = PBXFileReference; lastKnownFileType = text.plist.xml; path = Info.plist; sourceTree = "<group>"; };
		969BB8F1244F71F300571472 /* ApplePayTests.xctest */ = {isa = PBXFileReference; explicitFileType = wrapper.cfbundle; includeInIndex = 0; path = ApplePayTests.xctest; sourceTree = BUILT_PRODUCTS_DIR; };
		969BB8F5244F71F300571472 /* ApplePayTests.swift */ = {isa = PBXFileReference; lastKnownFileType = sourcecode.swift; path = ApplePayTests.swift; sourceTree = "<group>"; };
		969BB8F7244F71F300571472 /* Info.plist */ = {isa = PBXFileReference; lastKnownFileType = text.plist.xml; path = Info.plist; sourceTree = "<group>"; };
		969BB8FC244F71F300571472 /* ApplePayUITests.xctest */ = {isa = PBXFileReference; explicitFileType = wrapper.cfbundle; includeInIndex = 0; path = ApplePayUITests.xctest; sourceTree = BUILT_PRODUCTS_DIR; };
		969BB900244F71F300571472 /* ApplePayUITests.swift */ = {isa = PBXFileReference; lastKnownFileType = sourcecode.swift; path = ApplePayUITests.swift; sourceTree = "<group>"; };
		969BB902244F71F300571472 /* Info.plist */ = {isa = PBXFileReference; lastKnownFileType = text.plist.xml; path = Info.plist; sourceTree = "<group>"; };
		969BB90E244F725000571472 /* ApplePayment.swift */ = {isa = PBXFileReference; fileEncoding = 4; lastKnownFileType = sourcecode.swift; path = ApplePayment.swift; sourceTree = "<group>"; };
		969BB90F244F725000571472 /* ApplePaymentError.swift */ = {isa = PBXFileReference; fileEncoding = 4; lastKnownFileType = sourcecode.swift; path = ApplePaymentError.swift; sourceTree = "<group>"; };
		969BB910244F725000571472 /* ApplePaymentToken.swift */ = {isa = PBXFileReference; fileEncoding = 4; lastKnownFileType = sourcecode.swift; path = ApplePaymentToken.swift; sourceTree = "<group>"; };
/* End PBXFileReference section */

/* Begin PBXFrameworksBuildPhase section */
		969BB8D8244F71ED00571472 /* Frameworks */ = {
			isa = PBXFrameworksBuildPhase;
			buildActionMask = 2147483647;
			files = (
			);
			runOnlyForDeploymentPostprocessing = 0;
		};
		969BB8EE244F71F300571472 /* Frameworks */ = {
			isa = PBXFrameworksBuildPhase;
			buildActionMask = 2147483647;
			files = (
			);
			runOnlyForDeploymentPostprocessing = 0;
		};
		969BB8F9244F71F300571472 /* Frameworks */ = {
			isa = PBXFrameworksBuildPhase;
			buildActionMask = 2147483647;
			files = (
			);
			runOnlyForDeploymentPostprocessing = 0;
		};
/* End PBXFrameworksBuildPhase section */

/* Begin PBXGroup section */
		969BB8D2244F71ED00571472 = {
			isa = PBXGroup;
			children = (
				969BB8DD244F71ED00571472 /* ApplePay */,
				969BB8F4244F71F300571472 /* ApplePayTests */,
				969BB8FF244F71F300571472 /* ApplePayUITests */,
				969BB8DC244F71ED00571472 /* Products */,
			);
			sourceTree = "<group>";
			usesTabs = 0;
		};
		969BB8DC244F71ED00571472 /* Products */ = {
			isa = PBXGroup;
			children = (
				969BB8DB244F71ED00571472 /* ApplePay.app */,
				969BB8F1244F71F300571472 /* ApplePayTests.xctest */,
				969BB8FC244F71F300571472 /* ApplePayUITests.xctest */,
			);
			name = Products;
			sourceTree = "<group>";
		};
		969BB8DD244F71ED00571472 /* ApplePay */ = {
			isa = PBXGroup;
			children = (
				969BB8DE244F71ED00571472 /* AppDelegate.swift */,
				969BB8E0244F71ED00571472 /* SceneDelegate.swift */,
				969BB8E2244F71ED00571472 /* ViewController.swift */,
				969BB914244F725500571472 /* ApplePay */,
				969BB8E4244F71ED00571472 /* Main.storyboard */,
				969BB8E7244F71F200571472 /* Assets.xcassets */,
				969BB8E9244F71F200571472 /* LaunchScreen.storyboard */,
				969BB8EC244F71F200571472 /* Info.plist */,
			);
			path = ApplePay;
			sourceTree = "<group>";
		};
		969BB8F4244F71F300571472 /* ApplePayTests */ = {
			isa = PBXGroup;
			children = (
				969BB8F5244F71F300571472 /* ApplePayTests.swift */,
				969BB8F7244F71F300571472 /* Info.plist */,
			);
			path = ApplePayTests;
			sourceTree = "<group>";
		};
		969BB8FF244F71F300571472 /* ApplePayUITests */ = {
			isa = PBXGroup;
			children = (
				969BB900244F71F300571472 /* ApplePayUITests.swift */,
				969BB902244F71F300571472 /* Info.plist */,
			);
			path = ApplePayUITests;
			sourceTree = "<group>";
		};
		969BB914244F725500571472 /* ApplePay */ = {
			isa = PBXGroup;
			children = (
				969BB90E244F725000571472 /* ApplePayment.swift */,
				969BB90F244F725000571472 /* ApplePaymentError.swift */,
				969BB910244F725000571472 /* ApplePaymentToken.swift */,
			);
			name = ApplePay;
			sourceTree = "<group>";
		};
/* End PBXGroup section */

/* Begin PBXNativeTarget section */
		969BB8DA244F71ED00571472 /* ApplePay */ = {
			isa = PBXNativeTarget;
			buildConfigurationList = 969BB905244F71F300571472 /* Build configuration list for PBXNativeTarget "ApplePay" */;
			buildPhases = (
				969BB8D7244F71ED00571472 /* Sources */,
				969BB8D8244F71ED00571472 /* Frameworks */,
				969BB8D9244F71ED00571472 /* Resources */,
			);
			buildRules = (
			);
			dependencies = (
			);
			name = ApplePay;
			productName = ApplePay;
			productReference = 969BB8DB244F71ED00571472 /* ApplePay.app */;
			productType = "com.apple.product-type.application";
		};
		969BB8F0244F71F300571472 /* ApplePayTests */ = {
			isa = PBXNativeTarget;
			buildConfigurationList = 969BB908244F71F300571472 /* Build configuration list for PBXNativeTarget "ApplePayTests" */;
			buildPhases = (
				969BB8ED244F71F300571472 /* Sources */,
				969BB8EE244F71F300571472 /* Frameworks */,
				969BB8EF244F71F300571472 /* Resources */,
			);
			buildRules = (
			);
			dependencies = (
				969BB8F3244F71F300571472 /* PBXTargetDependency */,
			);
			name = ApplePayTests;
			productName = ApplePayTests;
			productReference = 969BB8F1244F71F300571472 /* ApplePayTests.xctest */;
			productType = "com.apple.product-type.bundle.unit-test";
		};
		969BB8FB244F71F300571472 /* ApplePayUITests */ = {
			isa = PBXNativeTarget;
			buildConfigurationList = 969BB90B244F71F300571472 /* Build configuration list for PBXNativeTarget "ApplePayUITests" */;
			buildPhases = (
				969BB8F8244F71F300571472 /* Sources */,
				969BB8F9244F71F300571472 /* Frameworks */,
				969BB8FA244F71F300571472 /* Resources */,
			);
			buildRules = (
			);
			dependencies = (
				969BB8FE244F71F300571472 /* PBXTargetDependency */,
			);
			name = ApplePayUITests;
			productName = ApplePayUITests;
			productReference = 969BB8FC244F71F300571472 /* ApplePayUITests.xctest */;
			productType = "com.apple.product-type.bundle.ui-testing";
		};
/* End PBXNativeTarget section */

/* Begin PBXProject section */
		969BB8D3244F71ED00571472 /* Project object */ = {
			isa = PBXProject;
			attributes = {
				LastSwiftUpdateCheck = 1130;
				LastUpgradeCheck = 1130;
				ORGANIZATIONNAME = "Hardeep Singh";
				TargetAttributes = {
					969BB8DA244F71ED00571472 = {
						CreatedOnToolsVersion = 11.3.1;
					};
					969BB8F0244F71F300571472 = {
						CreatedOnToolsVersion = 11.3.1;
						TestTargetID = 969BB8DA244F71ED00571472;
					};
					969BB8FB244F71F300571472 = {
						CreatedOnToolsVersion = 11.3.1;
						TestTargetID = 969BB8DA244F71ED00571472;
					};
				};
			};
			buildConfigurationList = 969BB8D6244F71ED00571472 /* Build configuration list for PBXProject "ApplePay" */;
			compatibilityVersion = "Xcode 9.3";
			developmentRegion = en;
			hasScannedForEncodings = 0;
			knownRegions = (
				en,
				Base,
			);
			mainGroup = 969BB8D2244F71ED00571472;
			productRefGroup = 969BB8DC244F71ED00571472 /* Products */;
			projectDirPath = "";
			projectRoot = "";
			targets = (
				969BB8DA244F71ED00571472 /* ApplePay */,
				969BB8F0244F71F300571472 /* ApplePayTests */,
				969BB8FB244F71F300571472 /* ApplePayUITests */,
			);
		};
/* End PBXProject section */

/* Begin PBXResourcesBuildPhase section */
		969BB8D9244F71ED00571472 /* Resources */ = {
			isa = PBXResourcesBuildPhase;
			buildActionMask = 2147483647;
			files = (
				969BB8EB244F71F200571472 /* LaunchScreen.storyboard in Resources */,
				969BB8E8244F71F200571472 /* Assets.xcassets in Resources */,
				969BB8E6244F71ED00571472 /* Main.storyboard in Resources */,
			);
			runOnlyForDeploymentPostprocessing = 0;
		};
		969BB8EF244F71F300571472 /* Resources */ = {
			isa = PBXResourcesBuildPhase;
			buildActionMask = 2147483647;
			files = (
			);
			runOnlyForDeploymentPostprocessing = 0;
		};
		969BB8FA244F71F300571472 /* Resources */ = {
			isa = PBXResourcesBuildPhase;
			buildActionMask = 2147483647;
			files = (
			);
			runOnlyForDeploymentPostprocessing = 0;
		};
/* End PBXResourcesBuildPhase section */

/* Begin PBXSourcesBuildPhase section */
		969BB8D7244F71ED00571472 /* Sources */ = {
			isa = PBXSourcesBuildPhase;
			buildActionMask = 2147483647;
			files = (
				969BB8E3244F71ED00571472 /* ViewController.swift in Sources */,
				969BB911244F725000571472 /* ApplePayment.swift in Sources */,
				969BB8DF244F71ED00571472 /* AppDelegate.swift in Sources */,
				969BB913244F725000571472 /* ApplePaymentToken.swift in Sources */,
				969BB8E1244F71ED00571472 /* SceneDelegate.swift in Sources */,
				969BB912244F725000571472 /* ApplePaymentError.swift in Sources */,
			);
			runOnlyForDeploymentPostprocessing = 0;
		};
		969BB8ED244F71F300571472 /* Sources */ = {
			isa = PBXSourcesBuildPhase;
			buildActionMask = 2147483647;
			files = (
				969BB8F6244F71F300571472 /* ApplePayTests.swift in Sources */,
			);
			runOnlyForDeploymentPostprocessing = 0;
		};
		969BB8F8244F71F300571472 /* Sources */ = {
			isa = PBXSourcesBuildPhase;
			buildActionMask = 2147483647;
			files = (
				969BB901244F71F300571472 /* ApplePayUITests.swift in Sources */,
			);
			runOnlyForDeploymentPostprocessing = 0;
		};
/* End PBXSourcesBuildPhase section */

/* Begin PBXTargetDependency section */
		969BB8F3244F71F300571472 /* PBXTargetDependency */ = {
			isa = PBXTargetDependency;
			target = 969BB8DA244F71ED00571472 /* ApplePay */;
			targetProxy = 969BB8F2244F71F300571472 /* PBXContainerItemProxy */;
		};
		969BB8FE244F71F300571472 /* PBXTargetDependency */ = {
			isa = PBXTargetDependency;
			target = 969BB8DA244F71ED00571472 /* ApplePay */;
			targetProxy = 969BB8FD244F71F300571472 /* PBXContainerItemProxy */;
		};
/* End PBXTargetDependency section */

/* Begin PBXVariantGroup section */
		969BB8E4244F71ED00571472 /* Main.storyboard */ = {
			isa = PBXVariantGroup;
			children = (
				969BB8E5244F71ED00571472 /* Base */,
			);
			name = Main.storyboard;
			sourceTree = "<group>";
		};
		969BB8E9244F71F200571472 /* LaunchScreen.storyboard */ = {
			isa = PBXVariantGroup;
			children = (
				969BB8EA244F71F200571472 /* Base */,
			);
			name = LaunchScreen.storyboard;
			sourceTree = "<group>";
		};
/* End PBXVariantGroup section */

/* Begin XCBuildConfiguration section */
		969BB903244F71F300571472 /* Debug */ = {
			isa = XCBuildConfiguration;
			buildSettings = {
				ALWAYS_SEARCH_USER_PATHS = NO;
				CLANG_ANALYZER_NONNULL = YES;
				CLANG_ANALYZER_NUMBER_OBJECT_CONVERSION = YES_AGGRESSIVE;
				CLANG_CXX_LANGUAGE_STANDARD = "gnu++14";
				CLANG_CXX_LIBRARY = "libc++";
				CLANG_ENABLE_MODULES = YES;
				CLANG_ENABLE_OBJC_ARC = YES;
				CLANG_ENABLE_OBJC_WEAK = YES;
				CLANG_WARN_BLOCK_CAPTURE_AUTORELEASING = YES;
				CLANG_WARN_BOOL_CONVERSION = YES;
				CLANG_WARN_COMMA = YES;
				CLANG_WARN_CONSTANT_CONVERSION = YES;
				CLANG_WARN_DEPRECATED_OBJC_IMPLEMENTATIONS = YES;
				CLANG_WARN_DIRECT_OBJC_ISA_USAGE = YES_ERROR;
				CLANG_WARN_DOCUMENTATION_COMMENTS = YES;
				CLANG_WARN_EMPTY_BODY = YES;
				CLANG_WARN_ENUM_CONVERSION = YES;
				CLANG_WARN_INFINITE_RECURSION = YES;
				CLANG_WARN_INT_CONVERSION = YES;
				CLANG_WARN_NON_LITERAL_NULL_CONVERSION = YES;
				CLANG_WARN_OBJC_IMPLICIT_RETAIN_SELF = YES;
				CLANG_WARN_OBJC_LITERAL_CONVERSION = YES;
				CLANG_WARN_OBJC_ROOT_CLASS = YES_ERROR;
				CLANG_WARN_RANGE_LOOP_ANALYSIS = YES;
				CLANG_WARN_STRICT_PROTOTYPES = YES;
				CLANG_WARN_SUSPICIOUS_MOVE = YES;
				CLANG_WARN_UNGUARDED_AVAILABILITY = YES_AGGRESSIVE;
				CLANG_WARN_UNREACHABLE_CODE = YES;
				CLANG_WARN__DUPLICATE_METHOD_MATCH = YES;
				COPY_PHASE_STRIP = NO;
				DEBUG_INFORMATION_FORMAT = dwarf;
				ENABLE_STRICT_OBJC_MSGSEND = YES;
				ENABLE_TESTABILITY = YES;
				GCC_C_LANGUAGE_STANDARD = gnu11;
				GCC_DYNAMIC_NO_PIC = NO;
				GCC_NO_COMMON_BLOCKS = YES;
				GCC_OPTIMIZATION_LEVEL = 0;
				GCC_PREPROCESSOR_DEFINITIONS = (
					"DEBUG=1",
					"$(inherited)",
				);
				GCC_WARN_64_TO_32_BIT_CONVERSION = YES;
				GCC_WARN_ABOUT_RETURN_TYPE = YES_ERROR;
				GCC_WARN_UNDECLARED_SELECTOR = YES;
				GCC_WARN_UNINITIALIZED_AUTOS = YES_AGGRESSIVE;
				GCC_WARN_UNUSED_FUNCTION = YES;
				GCC_WARN_UNUSED_VARIABLE = YES;
				IPHONEOS_DEPLOYMENT_TARGET = 13.2;
				MTL_ENABLE_DEBUG_INFO = INCLUDE_SOURCE;
				MTL_FAST_MATH = YES;
				ONLY_ACTIVE_ARCH = YES;
				SDKROOT = iphoneos;
				SWIFT_ACTIVE_COMPILATION_CONDITIONS = DEBUG;
				SWIFT_OPTIMIZATION_LEVEL = "-Onone";
			};
			name = Debug;
		};
		969BB904244F71F300571472 /* Release */ = {
			isa = XCBuildConfiguration;
			buildSettings = {
				ALWAYS_SEARCH_USER_PATHS = NO;
				CLANG_ANALYZER_NONNULL = YES;
				CLANG_ANALYZER_NUMBER_OBJECT_CONVERSION = YES_AGGRESSIVE;
				CLANG_CXX_LANGUAGE_STANDARD = "gnu++14";
				CLANG_CXX_LIBRARY = "libc++";
				CLANG_ENABLE_MODULES = YES;
				CLANG_ENABLE_OBJC_ARC = YES;
				CLANG_ENABLE_OBJC_WEAK = YES;
				CLANG_WARN_BLOCK_CAPTURE_AUTORELEASING = YES;
				CLANG_WARN_BOOL_CONVERSION = YES;
				CLANG_WARN_COMMA = YES;
				CLANG_WARN_CONSTANT_CONVERSION = YES;
				CLANG_WARN_DEPRECATED_OBJC_IMPLEMENTATIONS = YES;
				CLANG_WARN_DIRECT_OBJC_ISA_USAGE = YES_ERROR;
				CLANG_WARN_DOCUMENTATION_COMMENTS = YES;
				CLANG_WARN_EMPTY_BODY = YES;
				CLANG_WARN_ENUM_CONVERSION = YES;
				CLANG_WARN_INFINITE_RECURSION = YES;
				CLANG_WARN_INT_CONVERSION = YES;
				CLANG_WARN_NON_LITERAL_NULL_CONVERSION = YES;
				CLANG_WARN_OBJC_IMPLICIT_RETAIN_SELF = YES;
				CLANG_WARN_OBJC_LITERAL_CONVERSION = YES;
				CLANG_WARN_OBJC_ROOT_CLASS = YES_ERROR;
				CLANG_WARN_RANGE_LOOP_ANALYSIS = YES;
				CLANG_WARN_STRICT_PROTOTYPES = YES;
				CLANG_WARN_SUSPICIOUS_MOVE = YES;
				CLANG_WARN_UNGUARDED_AVAILABILITY = YES_AGGRESSIVE;
				CLANG_WARN_UNREACHABLE_CODE = YES;
				CLANG_WARN__DUPLICATE_METHOD_MATCH = YES;
				COPY_PHASE_STRIP = NO;
				DEBUG_INFORMATION_FORMAT = "dwarf-with-dsym";
				ENABLE_NS_ASSERTIONS = NO;
				ENABLE_STRICT_OBJC_MSGSEND = YES;
				GCC_C_LANGUAGE_STANDARD = gnu11;
				GCC_NO_COMMON_BLOCKS = YES;
				GCC_WARN_64_TO_32_BIT_CONVERSION = YES;
				GCC_WARN_ABOUT_RETURN_TYPE = YES_ERROR;
				GCC_WARN_UNDECLARED_SELECTOR = YES;
				GCC_WARN_UNINITIALIZED_AUTOS = YES_AGGRESSIVE;
				GCC_WARN_UNUSED_FUNCTION = YES;
				GCC_WARN_UNUSED_VARIABLE = YES;
				IPHONEOS_DEPLOYMENT_TARGET = 13.2;
				MTL_ENABLE_DEBUG_INFO = NO;
				MTL_FAST_MATH = YES;
				SDKROOT = iphoneos;
				SWIFT_COMPILATION_MODE = wholemodule;
				SWIFT_OPTIMIZATION_LEVEL = "-O";
				VALIDATE_PRODUCT = YES;
			};
			name = Release;
		};
		969BB906244F71F300571472 /* Debug */ = {
			isa = XCBuildConfiguration;
			buildSettings = {
				ASSETCATALOG_COMPILER_APPICON_NAME = AppIcon;
				CODE_SIGN_STYLE = Automatic;
				INFOPLIST_FILE = ApplePay/Info.plist;
				LD_RUNPATH_SEARCH_PATHS = (
					"$(inherited)",
					"@executable_path/Frameworks",
				);
				PRODUCT_BUNDLE_IDENTIFIER = hardeep.ApplePay;
				PRODUCT_NAME = "$(TARGET_NAME)";
				SWIFT_VERSION = 5.0;
				TARGETED_DEVICE_FAMILY = "1,2";
			};
			name = Debug;
		};
		969BB907244F71F300571472 /* Release */ = {
			isa = XCBuildConfiguration;
			buildSettings = {
				ASSETCATALOG_COMPILER_APPICON_NAME = AppIcon;
				CODE_SIGN_STYLE = Automatic;
				INFOPLIST_FILE = ApplePay/Info.plist;
				LD_RUNPATH_SEARCH_PATHS = (
					"$(inherited)",
					"@executable_path/Frameworks",
				);
				PRODUCT_BUNDLE_IDENTIFIER = hardeep.ApplePay;
				PRODUCT_NAME = "$(TARGET_NAME)";
				SWIFT_VERSION = 5.0;
				TARGETED_DEVICE_FAMILY = "1,2";
			};
			name = Release;
		};
		969BB909244F71F300571472 /* Debug */ = {
			isa = XCBuildConfiguration;
			buildSettings = {
				ALWAYS_EMBED_SWIFT_STANDARD_LIBRARIES = YES;
				BUNDLE_LOADER = "$(TEST_HOST)";
				CODE_SIGN_STYLE = Automatic;
				INFOPLIST_FILE = ApplePayTests/Info.plist;
				IPHONEOS_DEPLOYMENT_TARGET = 13.2;
				LD_RUNPATH_SEARCH_PATHS = (
					"$(inherited)",
					"@executable_path/Frameworks",
					"@loader_path/Frameworks",
				);
				PRODUCT_BUNDLE_IDENTIFIER = hardeep.ApplePayTests;
				PRODUCT_NAME = "$(TARGET_NAME)";
				SWIFT_VERSION = 5.0;
				TARGETED_DEVICE_FAMILY = "1,2";
				TEST_HOST = "$(BUILT_PRODUCTS_DIR)/ApplePay.app/ApplePay";
			};
			name = Debug;
		};
		969BB90A244F71F300571472 /* Release */ = {
			isa = XCBuildConfiguration;
			buildSettings = {
				ALWAYS_EMBED_SWIFT_STANDARD_LIBRARIES = YES;
				BUNDLE_LOADER = "$(TEST_HOST)";
				CODE_SIGN_STYLE = Automatic;
				INFOPLIST_FILE = ApplePayTests/Info.plist;
				IPHONEOS_DEPLOYMENT_TARGET = 13.2;
				LD_RUNPATH_SEARCH_PATHS = (
					"$(inherited)",
					"@executable_path/Frameworks",
					"@loader_path/Frameworks",
				);
				PRODUCT_BUNDLE_IDENTIFIER = hardeep.ApplePayTests;
				PRODUCT_NAME = "$(TARGET_NAME)";
				SWIFT_VERSION = 5.0;
				TARGETED_DEVICE_FAMILY = "1,2";
				TEST_HOST = "$(BUILT_PRODUCTS_DIR)/ApplePay.app/ApplePay";
			};
			name = Release;
		};
		969BB90C244F71F300571472 /* Debug */ = {
			isa = XCBuildConfiguration;
			buildSettings = {
				ALWAYS_EMBED_SWIFT_STANDARD_LIBRARIES = YES;
				CODE_SIGN_STYLE = Automatic;
				INFOPLIST_FILE = ApplePayUITests/Info.plist;
				LD_RUNPATH_SEARCH_PATHS = (
					"$(inherited)",
					"@executable_path/Frameworks",
					"@loader_path/Frameworks",
				);
				PRODUCT_BUNDLE_IDENTIFIER = hardeep.ApplePayUITests;
				PRODUCT_NAME = "$(TARGET_NAME)";
				SWIFT_VERSION = 5.0;
				TARGETED_DEVICE_FAMILY = "1,2";
				TEST_TARGET_NAME = ApplePay;
			};
			name = Debug;
		};
		969BB90D244F71F300571472 /* Release */ = {
			isa = XCBuildConfiguration;
			buildSettings = {
				ALWAYS_EMBED_SWIFT_STANDARD_LIBRARIES = YES;
				CODE_SIGN_STYLE = Automatic;
				INFOPLIST_FILE = ApplePayUITests/Info.plist;
				LD_RUNPATH_SEARCH_PATHS = (
					"$(inherited)",
					"@executable_path/Frameworks",
					"@loader_path/Frameworks",
				);
				PRODUCT_BUNDLE_IDENTIFIER = hardeep.ApplePayUITests;
				PRODUCT_NAME = "$(TARGET_NAME)";
				SWIFT_VERSION = 5.0;
				TARGETED_DEVICE_FAMILY = "1,2";
				TEST_TARGET_NAME = ApplePay;
			};
			name = Release;
		};
/* End XCBuildConfiguration section */

/* Begin XCConfigurationList section */
		969BB8D6244F71ED00571472 /* Build configuration list for PBXProject "ApplePay" */ = {
			isa = XCConfigurationList;
			buildConfigurations = (
				969BB903244F71F300571472 /* Debug */,
				969BB904244F71F300571472 /* Release */,
			);
			defaultConfigurationIsVisible = 0;
			defaultConfigurationName = Release;
		};
		969BB905244F71F300571472 /* Build configuration list for PBXNativeTarget "ApplePay" */ = {
			isa = XCConfigurationList;
			buildConfigurations = (
				969BB906244F71F300571472 /* Debug */,
				969BB907244F71F300571472 /* Release */,
			);
			defaultConfigurationIsVisible = 0;
			defaultConfigurationName = Release;
		};
		969BB908244F71F300571472 /* Build configuration list for PBXNativeTarget "ApplePayTests" */ = {
			isa = XCConfigurationList;
			buildConfigurations = (
				969BB909244F71F300571472 /* Debug */,
				969BB90A244F71F300571472 /* Release */,
			);
			defaultConfigurationIsVisible = 0;
			defaultConfigurationName = Release;
		};
		969BB90B244F71F300571472 /* Build configuration list for PBXNativeTarget "ApplePayUITests" */ = {
			isa = XCConfigurationList;
			buildConfigurations = (
				969BB90C244F71F300571472 /* Debug */,
				969BB90D244F71F300571472 /* Release */,
			);
			defaultConfigurationIsVisible = 0;
			defaultConfigurationName = Release;
		};
/* End XCConfigurationList section */
	};
	rootObject = 969BB8D3244F71ED00571472 /* Project object */;
}
